Microsoft Visual Studio Solution File, Format Version 12.00
# Visual Studio Version 17
VisualStudioVersion = 17.5.2.0
MinimumVisualStudioVersion = 10.0.40219.1
Project("{2150E333-8FDC-42A3-9474-1A3956D46DE8}") = "tests", "tests", "{0AB3BF05-4346-4AA6-1389-037BE0695223}"
EndProject
Project("{2150E333-8FDC-42A3-9474-1A3956D46DE8}") = "csharp", "csharp", "{15695F5E-2B16-82CE-E41C-1B8759B646DE}"
EndProject
Project("{FAE04EC0-301F-11D3-BF4B-00C04F79EFBC}") = "JiasineCsharpTest", "tests\csharp\JiasineCsharpTest.csproj", "{A23EDAB6-EDF5-0194-9CC4-565DADD3EEB9}"
EndProject
Global
	GlobalSection(SolutionConfigurationPlatforms) = preSolution
		Debug|Any CPU = Debug|Any CPU
		Release|Any CPU = Release|Any CPU
	EndGlobalSection
	GlobalSection(ProjectConfigurationPlatforms) = postSolution
		{A23EDAB6-EDF5-0194-9CC4-565DADD3EEB9}.Debug|Any CPU.ActiveCfg = Debug|Any CPU
		{A23EDAB6-EDF5-0194-9CC4-565DADD3EEB9}.Debug|Any CPU.Build.0 = Debug|Any CPU
		{A23EDAB6-EDF5-0194-9CC4-565DADD3EEB9}.Release|Any CPU.ActiveCfg = Release|Any CPU
		{A23EDAB6-EDF5-0194-9CC4-565DADD3EEB9}.Release|Any CPU.Build.0 = Release|Any CPU
	EndGlobalSection
	GlobalSection(SolutionProperties) = preSolution
		HideSolutionNode = FALSE
	EndGlobalSection
	GlobalSection(NestedProjects) = preSolution
		{15695F5E-2B16-82CE-E41C-1B8759B646DE} = {0AB3BF05-4346-4AA6-1389-037BE0695223}
		{A23EDAB6-EDF5-0194-9CC4-565DADD3EEB9} = {15695F5E-2B16-82CE-E41C-1B8759B646DE}
	EndGlobalSection
	GlobalSection(ExtensibilityGlobals) = postSolution
		SolutionGuid = {B46A2ECD-F58A-4264-88C7-209F5F51696E}
	EndGlobalSection
EndGlobal
